
Microsoft Visual Studio Solution File, Format Version 12.00
# Visual Studio Version 16
VisualStudioVersion = 16.0.30128.74
MinimumVisualStudioVersion = 10.0.40219.1
Project("{8BC9CEB8-8B4A-11D0-8D11-00A0C91BC942}") = "Binary Search Tree", "Binary Search Tree\Binary Search Tree.vcxproj", "{B5732A6A-07B3-4BD4-BBB5-BC14E2425DE0}"
EndProject
Global
	GlobalSection(SolutionConfigurationPlatforms) = preSolution
		Debug|x64 = Debug|x64
		Debug|x86 = Debug|x86
		Release|x64 = Release|x64
		Release|x86 = Release|x86
	EndGlobalSection
	GlobalSection(ProjectConfigurationPlatforms) = postSolution
		{B5732A6A-07B3-4BD4-BBB5-BC14E2425DE0}.Debug|x64.ActiveCfg = Debug|x64
		{B5732A6A-07B3-4BD4-BBB5-BC14E2425DE0}.Debug|x64.Build.0 = Debug|x64
		{B5732A6A-07B3-4BD4-BBB5-BC14E2425DE0}.Debug|x86.ActiveCfg = Debug|Win32
		{B5732A6A-07B3-4BD4-BBB5-BC14E2425DE0}.Debug|x86.Build.0 = Debug|Win32
		{B5732A6A-07B3-4BD4-BBB5-BC14E2425DE0}.Release|x64.ActiveCfg = Release|x64
		{B5732A6A-07B3-4BD4-BBB5-BC14E2425DE0}.Release|x64.Build.0 = Release|x64
		{B5732A6A-07B3-4BD4-BBB5-BC14E2425DE0}.Release|x86.ActiveCfg = Release|Win32
		{B5732A6A-07B3-4BD4-BBB5-BC14E2425DE0}.Release|x86.Build.0 = Release|Win32
	EndGlobalSection
	GlobalSection(SolutionProperties) = preSolution
		HideSolutionNode = FALSE
	EndGlobalSection
	GlobalSection(ExtensibilityGlobals) = postSolution
		SolutionGuid = {4A9C404A-D55E-41A7-B612-044CCD39D1CF}
	EndGlobalSection
EndGlobal
